
Microsoft Visual Studio Solution File, Format Version 12.00
# Visual Studio Version 17
VisualStudioVersion = 17.1.32210.238
MinimumVisualStudioVersion = 10.0.40219.1
Project("{FAE04EC0-301F-11D3-BF4B-00C04F79EFBC}") = "uc-5", "uc-5.csproj", "{193CDE9A-437D-4FB5-BF0D-AB4A6B6F8FD1}"
EndProject
Project("{FAE04EC0-301F-11D3-BF4B-00C04F79EFBC}") = "TestProject1", "TestProject1\TestProject1.csproj", "{256E9DBF-8D01-4324-98A6-8654625E6D67}"
EndProject
Project("{2150E333-8FDC-42A3-9474-1A3956D46DE8}") = "Solution Items", "Solution Items", "{DD756FAA-37CF-40E2-80A7-4DE1771A4051}"
	ProjectSection(SolutionItems) = preProject
		Customexception.cs = Customexception.cs
		mooadanalyserfactory.cs = mooadanalyserfactory.cs
		moodanalyser.cs = moodanalyser.cs
	EndProjectSection
EndProject
Global
	GlobalSection(SolutionConfigurationPlatforms) = preSolution
		Debug|Any CPU = Debug|Any CPU
		Release|Any CPU = Release|Any CPU
	EndGlobalSection
	GlobalSection(ProjectConfigurationPlatforms) = postSolution
		{193CDE9A-437D-4FB5-BF0D-AB4A6B6F8FD1}.Debug|Any CPU.ActiveCfg = Debug|Any CPU
		{193CDE9A-437D-4FB5-BF0D-AB4A6B6F8FD1}.Debug|Any CPU.Build.0 = Debug|Any CPU
		{193CDE9A-437D-4FB5-BF0D-AB4A6B6F8FD1}.Release|Any CPU.ActiveCfg = Release|Any CPU
		{193CDE9A-437D-4FB5-BF0D-AB4A6B6F8FD1}.Release|Any CPU.Build.0 = Release|Any CPU
		{256E9DBF-8D01-4324-98A6-8654625E6D67}.Debug|Any CPU.ActiveCfg = Debug|Any CPU
		{256E9DBF-8D01-4324-98A6-8654625E6D67}.Debug|Any CPU.Build.0 = Debug|Any CPU
		{256E9DBF-8D01-4324-98A6-8654625E6D67}.Release|Any CPU.ActiveCfg = Release|Any CPU
		{256E9DBF-8D01-4324-98A6-8654625E6D67}.Release|Any CPU.Build.0 = Release|Any CPU
	EndGlobalSection
	GlobalSection(SolutionProperties) = preSolution
		HideSolutionNode = FALSE
	EndGlobalSection
	GlobalSection(ExtensibilityGlobals) = postSolution
		SolutionGuid = {92A0F1F1-F033-477B-8239-267630E9E606}
	EndGlobalSection
EndGlobal
